
Microsoft Visual Studio Solution File, Format Version 12.00
# Visual Studio Version 17
VisualStudioVersion = 17.0.31903.59
MinimumVisualStudioVersion = 10.0.40219.1
Project("{2150E333-8FDC-42A3-9474-1A3956D46DE8}") = "Api", "Api", "{819A8C1E-026B-438C-893B-EC652248C405}"
EndProject
Project("{FAE04EC0-301F-11D3-BF4B-00C04F79EFBC}") = "RealTimeProductCatalog.Api", "Api\RealTimeProductCatalog.Api\RealTimeProductCatalog.Api.csproj", "{2A114815-12BB-4F55-9F5D-A5ADB024B22E}"
EndProject
Project("{2150E333-8FDC-42A3-9474-1A3956D46DE8}") = "Business", "Business", "{E53A41A6-A88C-404C-B109-AEAFED0E1CB7}"
EndProject
Project("{FAE04EC0-301F-11D3-BF4B-00C04F79EFBC}") = "RealTimeProductCatalog.Model", "Business\RealTimeProductCatalog.Model\RealTimeProductCatalog.Model.csproj", "{F3580C57-5A9A-43B6-853D-5EAA2A063832}"
EndProject
Project("{2150E333-8FDC-42A3-9474-1A3956D46DE8}") = "Infrastructure.CrossCutting", "Infrastructure.CrossCutting", "{DA45724C-2120-4CCE-A5AD-100EFAF8667C}"
EndProject
Project("{FAE04EC0-301F-11D3-BF4B-00C04F79EFBC}") = "RealTimeProductCatalog.Infrastructure", "Infrastructure.CrossCutting\RealTimeProductCatalog.Infrastructure\RealTimeProductCatalog.Infrastructure.csproj", "{43CEF100-1E96-46EB-903A-8C60C6E29841}"
EndProject
Project("{2150E333-8FDC-42A3-9474-1A3956D46DE8}") = "Services", "Services", "{7032A842-846B-4047-B3F5-B598158C8641}"
EndProject
Project("{FAE04EC0-301F-11D3-BF4B-00C04F79EFBC}") = "RealTimeProductCatalog.Consumer", "Services\RealTimeProductCatalog.Consumer\RealTimeProductCatalog.Consumer.csproj", "{ED89E334-D0A2-41D9-9119-2F94BFFB9BFF}"
EndProject
Project("{FAE04EC0-301F-11D3-BF4B-00C04F79EFBC}") = "RealTimeProductCatalog.Producer", "Services\RealTimeProductCatalog.Producer\RealTimeProductCatalog.Producer.csproj", "{4AF9D8CC-F231-4D25-893C-B22AD3BF7B99}"
EndProject
Project("{FAE04EC0-301F-11D3-BF4B-00C04F79EFBC}") = "RealTimeProductCatalog.Gateway", "Services\RealTimeProductCatalog.Gateway\RealTimeProductCatalog.Gateway.csproj", "{BE8865E8-9D7F-40BF-B58B-BD51A1E89D2A}"
EndProject
Project("{2150E333-8FDC-42A3-9474-1A3956D46DE8}") = "Application", "Application", "{04678665-B3BC-4CDF-A9C4-EC1BFE3AE875}"
EndProject
Project("{FAE04EC0-301F-11D3-BF4B-00C04F79EFBC}") = "RealTimeProductCatalog.Application", "Application\RealTimeProductCatalog.Application\RealTimeProductCatalog.Application.csproj", "{E5C70496-167D-4488-B866-649B6426919B}"
EndProject
Global
	GlobalSection(SolutionConfigurationPlatforms) = preSolution
		Debug|Any CPU = Debug|Any CPU
		Release|Any CPU = Release|Any CPU
	EndGlobalSection
	GlobalSection(SolutionProperties) = preSolution
		HideSolutionNode = FALSE
	EndGlobalSection
	GlobalSection(ProjectConfigurationPlatforms) = postSolution
		{2A114815-12BB-4F55-9F5D-A5ADB024B22E}.Debug|Any CPU.ActiveCfg = Debug|Any CPU
		{2A114815-12BB-4F55-9F5D-A5ADB024B22E}.Debug|Any CPU.Build.0 = Debug|Any CPU
		{2A114815-12BB-4F55-9F5D-A5ADB024B22E}.Release|Any CPU.ActiveCfg = Release|Any CPU
		{2A114815-12BB-4F55-9F5D-A5ADB024B22E}.Release|Any CPU.Build.0 = Release|Any CPU
		{F3580C57-5A9A-43B6-853D-5EAA2A063832}.Debug|Any CPU.ActiveCfg = Debug|Any CPU
		{F3580C57-5A9A-43B6-853D-5EAA2A063832}.Debug|Any CPU.Build.0 = Debug|Any CPU
		{F3580C57-5A9A-43B6-853D-5EAA2A063832}.Release|Any CPU.ActiveCfg = Release|Any CPU
		{F3580C57-5A9A-43B6-853D-5EAA2A063832}.Release|Any CPU.Build.0 = Release|Any CPU
		{43CEF100-1E96-46EB-903A-8C60C6E29841}.Debug|Any CPU.ActiveCfg = Debug|Any CPU
		{43CEF100-1E96-46EB-903A-8C60C6E29841}.Debug|Any CPU.Build.0 = Debug|Any CPU
		{43CEF100-1E96-46EB-903A-8C60C6E29841}.Release|Any CPU.ActiveCfg = Release|Any CPU
		{43CEF100-1E96-46EB-903A-8C60C6E29841}.Release|Any CPU.Build.0 = Release|Any CPU
		{ED89E334-D0A2-41D9-9119-2F94BFFB9BFF}.Debug|Any CPU.ActiveCfg = Debug|Any CPU
		{ED89E334-D0A2-41D9-9119-2F94BFFB9BFF}.Debug|Any CPU.Build.0 = Debug|Any CPU
		{ED89E334-D0A2-41D9-9119-2F94BFFB9BFF}.Release|Any CPU.ActiveCfg = Release|Any CPU
		{ED89E334-D0A2-41D9-9119-2F94BFFB9BFF}.Release|Any CPU.Build.0 = Release|Any CPU
		{4AF9D8CC-F231-4D25-893C-B22AD3BF7B99}.Debug|Any CPU.ActiveCfg = Debug|Any CPU
		{4AF9D8CC-F231-4D25-893C-B22AD3BF7B99}.Debug|Any CPU.Build.0 = Debug|Any CPU
		{4AF9D8CC-F231-4D25-893C-B22AD3BF7B99}.Release|Any CPU.ActiveCfg = Release|Any CPU
		{4AF9D8CC-F231-4D25-893C-B22AD3BF7B99}.Release|Any CPU.Build.0 = Release|Any CPU
		{BE8865E8-9D7F-40BF-B58B-BD51A1E89D2A}.Debug|Any CPU.ActiveCfg = Debug|Any CPU
		{BE8865E8-9D7F-40BF-B58B-BD51A1E89D2A}.Debug|Any CPU.Build.0 = Debug|Any CPU
		{BE8865E8-9D7F-40BF-B58B-BD51A1E89D2A}.Release|Any CPU.ActiveCfg = Release|Any CPU
		{BE8865E8-9D7F-40BF-B58B-BD51A1E89D2A}.Release|Any CPU.Build.0 = Release|Any CPU
		{E5C70496-167D-4488-B866-649B6426919B}.Debug|Any CPU.ActiveCfg = Debug|Any CPU
		{E5C70496-167D-4488-B866-649B6426919B}.Debug|Any CPU.Build.0 = Debug|Any CPU
		{E5C70496-167D-4488-B866-649B6426919B}.Release|Any CPU.ActiveCfg = Release|Any CPU
		{E5C70496-167D-4488-B866-649B6426919B}.Release|Any CPU.Build.0 = Release|Any CPU
	EndGlobalSection
	GlobalSection(NestedProjects) = preSolution
		{2A114815-12BB-4F55-9F5D-A5ADB024B22E} = {819A8C1E-026B-438C-893B-EC652248C405}
		{F3580C57-5A9A-43B6-853D-5EAA2A063832} = {E53A41A6-A88C-404C-B109-AEAFED0E1CB7}
		{43CEF100-1E96-46EB-903A-8C60C6E29841} = {DA45724C-2120-4CCE-A5AD-100EFAF8667C}
		{ED89E334-D0A2-41D9-9119-2F94BFFB9BFF} = {7032A842-846B-4047-B3F5-B598158C8641}
		{4AF9D8CC-F231-4D25-893C-B22AD3BF7B99} = {7032A842-846B-4047-B3F5-B598158C8641}
		{BE8865E8-9D7F-40BF-B58B-BD51A1E89D2A} = {7032A842-846B-4047-B3F5-B598158C8641}
		{E5C70496-167D-4488-B866-649B6426919B} = {04678665-B3BC-4CDF-A9C4-EC1BFE3AE875}
	EndGlobalSection
EndGlobal
